
Microsoft Visual Studio Solution File, Format Version 12.00
# Visual Studio 15
VisualStudioVersion = 15.0.27130.2036
MinimumVisualStudioVersion = 10.0.40219.1
Project("{FAE04EC0-301F-11D3-BF4B-00C04F79EFBC}") = "Contact", "Contact\Contact.csproj", "{6DB15A05-99E5-4D89-9EDB-F684032CA620}"
EndProject
Global
	GlobalSection(SolutionConfigurationPlatforms) = preSolution
		Debug|Any CPU = Debug|Any CPU
		Release|Any CPU = Release|Any CPU
	EndGlobalSection
	GlobalSection(ProjectConfigurationPlatforms) = postSolution
		{6DB15A05-99E5-4D89-9EDB-F684032CA620}.Debug|Any CPU.ActiveCfg = Debug|Any CPU
		{6DB15A05-99E5-4D89-9EDB-F684032CA620}.Debug|Any CPU.Build.0 = Debug|Any CPU
		{6DB15A05-99E5-4D89-9EDB-F684032CA620}.Release|Any CPU.ActiveCfg = Release|Any CPU
		{6DB15A05-99E5-4D89-9EDB-F684032CA620}.Release|Any CPU.Build.0 = Release|Any CPU
	EndGlobalSection
	GlobalSection(SolutionProperties) = preSolution
		HideSolutionNode = FALSE
	EndGlobalSection
	GlobalSection(ExtensibilityGlobals) = postSolution
		SolutionGuid = {16FF851F-676E-4810-83EC-73DBF9EE121D}
	EndGlobalSection
EndGlobal
